// !$*UTF8*$!
{
	archiveVersion = 1;
	classes = {
	};
	objectVersion = 51;
	objects = {

/* Begin PBXBuildFile section */
		5A6D25312AF25F266E9F2E8C /* Pods_gitHubUsersNProjects.framework in Frameworks */ = {isa = PBXBuildFile; fileRef = E2DCAE0227E2121FD88A81EF /* Pods_gitHubUsersNProjects.framework */; };
		BC4B09BC2434C2F00086C30D /* AppDelegate.swift in Sources */ = {isa = PBXBuildFile; fileRef = BC4B09BB2434C2F00086C30D /* AppDelegate.swift */; };
		BC4B09BE2434C2F00086C30D /* SceneDelegate.swift in Sources */ = {isa = PBXBuildFile; fileRef = BC4B09BD2434C2F00086C30D /* SceneDelegate.swift */; };
		BC4B09C02434C2F00086C30D /* UsersListVC.swift in Sources */ = {isa = PBXBuildFile; fileRef = BC4B09BF2434C2F00086C30D /* UsersListVC.swift */; };
		BC4B09C32434C2F00086C30D /* Main.storyboard in Resources */ = {isa = PBXBuildFile; fileRef = BC4B09C12434C2F00086C30D /* Main.storyboard */; };
		BC4B09C52434C2F20086C30D /* Assets.xcassets in Resources */ = {isa = PBXBuildFile; fileRef = BC4B09C42434C2F20086C30D /* Assets.xcassets */; };
		BC4B09C82434C2F20086C30D /* LaunchScreen.storyboard in Resources */ = {isa = PBXBuildFile; fileRef = BC4B09C62434C2F20086C30D /* LaunchScreen.storyboard */; };
		BC4B09D12434C7A00086C30D /* UserListTableViewCell.swift in Sources */ = {isa = PBXBuildFile; fileRef = BC4B09D02434C7A00086C30D /* UserListTableViewCell.swift */; };
		BCB3013C24354D88009E8163 /* UserDetailsVC.swift in Sources */ = {isa = PBXBuildFile; fileRef = BCB3013B24354D88009E8163 /* UserDetailsVC.swift */; };
		BCB3013F24356C5A009E8163 /* GitHubUser.swift in Sources */ = {isa = PBXBuildFile; fileRef = BCB3013E24356C5A009E8163 /* GitHubUser.swift */; };
		BCB3014224358525009E8163 /* RepoTableViewCell.swift in Sources */ = {isa = PBXBuildFile; fileRef = BCB3014124358525009E8163 /* RepoTableViewCell.swift */; };
		BCB301452435A43D009E8163 /* UserDetailsViewModel.swift in Sources */ = {isa = PBXBuildFile; fileRef = BCB301442435A43D009E8163 /* UserDetailsViewModel.swift */; };
		BCF0EA362435024900188227 /* UsersListViewModel.swift in Sources */ = {isa = PBXBuildFile; fileRef = BCF0EA352435024900188227 /* UsersListViewModel.swift */; };
/* End PBXBuildFile section */

/* Begin PBXFileReference section */
		223719A813DA3076D9CC1B04 /* Pods-gitHubUsersNProjects.debug.xcconfig */ = {isa = PBXFileReference; includeInIndex = 1; lastKnownFileType = text.xcconfig; name = "Pods-gitHubUsersNProjects.debug.xcconfig"; path = "Target Support Files/Pods-gitHubUsersNProjects/Pods-gitHubUsersNProjects.debug.xcconfig"; sourceTree = "<group>"; };
		7507DA2B1225A633787CD54B /* Pods-gitHubUsersNProjects.release.xcconfig */ = {isa = PBXFileReference; includeInIndex = 1; lastKnownFileType = text.xcconfig; name = "Pods-gitHubUsersNProjects.release.xcconfig"; path = "Target Support Files/Pods-gitHubUsersNProjects/Pods-gitHubUsersNProjects.release.xcconfig"; sourceTree = "<group>"; };
		BC4B09B82434C2F00086C30D /* gitHubUsersNProjects.app */ = {isa = PBXFileReference; explicitFileType = wrapper.application; includeInIndex = 0; path = gitHubUsersNProjects.app; sourceTree = BUILT_PRODUCTS_DIR; };
		BC4B09BB2434C2F00086C30D /* AppDelegate.swift */ = {isa = PBXFileReference; lastKnownFileType = sourcecode.swift; path = AppDelegate.swift; sourceTree = "<group>"; };
		BC4B09BD2434C2F00086C30D /* SceneDelegate.swift */ = {isa = PBXFileReference; lastKnownFileType = sourcecode.swift; path = SceneDelegate.swift; sourceTree = "<group>"; };
		BC4B09BF2434C2F00086C30D /* UsersListVC.swift */ = {isa = PBXFileReference; lastKnownFileType = sourcecode.swift; path = UsersListVC.swift; sourceTree = "<group>"; };
		BC4B09C22434C2F00086C30D /* Base */ = {isa = PBXFileReference; lastKnownFileType = file.storyboard; name = Base; path = Base.lproj/Main.storyboard; sourceTree = "<group>"; };
		BC4B09C42434C2F20086C30D /* Assets.xcassets */ = {isa = PBXFileReference; lastKnownFileType = folder.assetcatalog; path = Assets.xcassets; sourceTree = "<group>"; };
		BC4B09C72434C2F20086C30D /* Base */ = {isa = PBXFileReference; lastKnownFileType = file.storyboard; name = Base; path = Base.lproj/LaunchScreen.storyboard; sourceTree = "<group>"; };
		BC4B09C92434C2F20086C30D /* Info.plist */ = {isa = PBXFileReference; lastKnownFileType = text.plist.xml; path = Info.plist; sourceTree = "<group>"; };
		BC4B09D02434C7A00086C30D /* UserListTableViewCell.swift */ = {isa = PBXFileReference; lastKnownFileType = sourcecode.swift; path = UserListTableViewCell.swift; sourceTree = "<group>"; };
		BCB3013B24354D88009E8163 /* UserDetailsVC.swift */ = {isa = PBXFileReference; lastKnownFileType = sourcecode.swift; path = UserDetailsVC.swift; sourceTree = "<group>"; };
		BCB3013E24356C5A009E8163 /* GitHubUser.swift */ = {isa = PBXFileReference; lastKnownFileType = sourcecode.swift; path = GitHubUser.swift; sourceTree = "<group>"; };
		BCB3014124358525009E8163 /* RepoTableViewCell.swift */ = {isa = PBXFileReference; lastKnownFileType = sourcecode.swift; path = RepoTableViewCell.swift; sourceTree = "<group>"; };
		BCB301442435A43D009E8163 /* UserDetailsViewModel.swift */ = {isa = PBXFileReference; lastKnownFileType = sourcecode.swift; path = UserDetailsViewModel.swift; sourceTree = "<group>"; };
		BCF0EA352435024900188227 /* UsersListViewModel.swift */ = {isa = PBXFileReference; lastKnownFileType = sourcecode.swift; path = UsersListViewModel.swift; sourceTree = "<group>"; };
		E2DCAE0227E2121FD88A81EF /* Pods_gitHubUsersNProjects.framework */ = {isa = PBXFileReference; explicitFileType = wrapper.framework; includeInIndex = 0; path = Pods_gitHubUsersNProjects.framework; sourceTree = BUILT_PRODUCTS_DIR; };
/* End PBXFileReference section */

/* Begin PBXFrameworksBuildPhase section */
		BC4B09B52434C2F00086C30D /* Frameworks */ = {
			isa = PBXFrameworksBuildPhase;
			buildActionMask = 2147483647;
			files = (
				5A6D25312AF25F266E9F2E8C /* Pods_gitHubUsersNProjects.framework in Frameworks */,
			);
			runOnlyForDeploymentPostprocessing = 0;
		};
/* End PBXFrameworksBuildPhase section */

/* Begin PBXGroup section */
		47CC9B8442EDC31286C91E21 /* Frameworks */ = {
			isa = PBXGroup;
			children = (
				E2DCAE0227E2121FD88A81EF /* Pods_gitHubUsersNProjects.framework */,
			);
			name = Frameworks;
			sourceTree = "<group>";
		};
		A9871D18A59ECB3EA6D767AA /* Pods */ = {
			isa = PBXGroup;
			children = (
				223719A813DA3076D9CC1B04 /* Pods-gitHubUsersNProjects.debug.xcconfig */,
				7507DA2B1225A633787CD54B /* Pods-gitHubUsersNProjects.release.xcconfig */,
			);
			path = Pods;
			sourceTree = "<group>";
		};
		BC4B09AF2434C2F00086C30D = {
			isa = PBXGroup;
			children = (
				BC4B09BA2434C2F00086C30D /* gitHubUsersNProjects */,
				BC4B09B92434C2F00086C30D /* Products */,
				A9871D18A59ECB3EA6D767AA /* Pods */,
				47CC9B8442EDC31286C91E21 /* Frameworks */,
			);
			sourceTree = "<group>";
		};
		BC4B09B92434C2F00086C30D /* Products */ = {
			isa = PBXGroup;
			children = (
				BC4B09B82434C2F00086C30D /* gitHubUsersNProjects.app */,
			);
			name = Products;
			sourceTree = "<group>";
		};
		BC4B09BA2434C2F00086C30D /* gitHubUsersNProjects */ = {
			isa = PBXGroup;
			children = (
				BC4B09CF2434C7630086C30D /* User list */,
				BCF0EA3824354CA000188227 /* User details */,
				BC4B09BB2434C2F00086C30D /* AppDelegate.swift */,
				BC4B09BD2434C2F00086C30D /* SceneDelegate.swift */,
				BC4B09C12434C2F00086C30D /* Main.storyboard */,
				BC4B09C42434C2F20086C30D /* Assets.xcassets */,
				BC4B09C62434C2F20086C30D /* LaunchScreen.storyboard */,
				BC4B09C92434C2F20086C30D /* Info.plist */,
				BCB3013E24356C5A009E8163 /* GitHubUser.swift */,
			);
			path = gitHubUsersNProjects;
			sourceTree = "<group>";
		};
		BC4B09CF2434C7630086C30D /* User list */ = {
			isa = PBXGroup;
			children = (
				BCF0EA3724350A9700188227 /* View Controller */,
				BCF0EA342435023100188227 /* VIewModel */,
				BC4B09D02434C7A00086C30D /* UserListTableViewCell.swift */,
			);
			path = "User list";
			sourceTree = "<group>";
		};
		BCB301402435850B009E8163 /* View Controller */ = {
			isa = PBXGroup;
			children = (
				BCB3013B24354D88009E8163 /* UserDetailsVC.swift */,
			);
			path = "View Controller";
			sourceTree = "<group>";
		};
		BCB301432435A424009E8163 /* View Model */ = {
			isa = PBXGroup;
			children = (
				BCB301442435A43D009E8163 /* UserDetailsViewModel.swift */,
			);
			path = "View Model";
			sourceTree = "<group>";
		};
		BCF0EA342435023100188227 /* VIewModel */ = {
			isa = PBXGroup;
			children = (
				BCF0EA352435024900188227 /* UsersListViewModel.swift */,
			);
			path = VIewModel;
			sourceTree = "<group>";
		};
		BCF0EA3724350A9700188227 /* View Controller */ = {
			isa = PBXGroup;
			children = (
				BC4B09BF2434C2F00086C30D /* UsersListVC.swift */,
			);
			path = "View Controller";
			sourceTree = "<group>";
		};
		BCF0EA3824354CA000188227 /* User details */ = {
			isa = PBXGroup;
			children = (
				BCB301432435A424009E8163 /* View Model */,
				BCB301402435850B009E8163 /* View Controller */,
				BCB3014124358525009E8163 /* RepoTableViewCell.swift */,
			);
			path = "User details";
			sourceTree = "<group>";
		};
/* End PBXGroup section */

/* Begin PBXNativeTarget section */
		BC4B09B72434C2F00086C30D /* gitHubUsersNProjects */ = {
			isa = PBXNativeTarget;
			buildConfigurationList = BC4B09CC2434C2F20086C30D /* Build configuration list for PBXNativeTarget "gitHubUsersNProjects" */;
			buildPhases = (
				B6B37241684C06726A507C71 /* [CP] Check Pods Manifest.lock */,
				BC4B09B42434C2F00086C30D /* Sources */,
				BC4B09B52434C2F00086C30D /* Frameworks */,
				BC4B09B62434C2F00086C30D /* Resources */,
				295FC9D7F49BA3B5F0C92BB6 /* [CP] Embed Pods Frameworks */,
			);
			buildRules = (
			);
			dependencies = (
			);
			name = gitHubUsersNProjects;
			productName = gitHubUsersNProjects;
			productReference = BC4B09B82434C2F00086C30D /* gitHubUsersNProjects.app */;
			productType = "com.apple.product-type.application";
		};
/* End PBXNativeTarget section */

/* Begin PBXProject section */
		BC4B09B02434C2F00086C30D /* Project object */ = {
			isa = PBXProject;
			attributes = {
				LastSwiftUpdateCheck = 1130;
				LastUpgradeCheck = 1130;
				ORGANIZATIONNAME = "Christian Hipolito";
				TargetAttributes = {
					BC4B09B72434C2F00086C30D = {
						CreatedOnToolsVersion = 11.3;
					};
				};
			};
			buildConfigurationList = BC4B09B32434C2F00086C30D /* Build configuration list for PBXProject "gitHubUsersNProjects" */;
			compatibilityVersion = "Xcode 9.3";
			developmentRegion = en;
			hasScannedForEncodings = 0;
			knownRegions = (
				en,
				Base,
			);
			mainGroup = BC4B09AF2434C2F00086C30D;
			productRefGroup = BC4B09B92434C2F00086C30D /* Products */;
			projectDirPath = "";
			projectRoot = "";
			targets = (
				BC4B09B72434C2F00086C30D /* gitHubUsersNProjects */,
			);
		};
/* End PBXProject section */

/* Begin PBXResourcesBuildPhase section */
		BC4B09B62434C2F00086C30D /* Resources */ = {
			isa = PBXResourcesBuildPhase;
			buildActionMask = 2147483647;
			files = (
				BC4B09C82434C2F20086C30D /* LaunchScreen.storyboard in Resources */,
				BC4B09C52434C2F20086C30D /* Assets.xcassets in Resources */,
				BC4B09C32434C2F00086C30D /* Main.storyboard in Resources */,
			);
			runOnlyForDeploymentPostprocessing = 0;
		};
/* End PBXResourcesBuildPhase section */

/* Begin PBXShellScriptBuildPhase section */
		295FC9D7F49BA3B5F0C92BB6 /* [CP] Embed Pods Frameworks */ = {
			isa = PBXShellScriptBuildPhase;
			buildActionMask = 2147483647;
			files = (
			);
			inputFileListPaths = (
				"${PODS_ROOT}/Target Support Files/Pods-gitHubUsersNProjects/Pods-gitHubUsersNProjects-frameworks-${CONFIGURATION}-input-files.xcfilelist",
			);
			name = "[CP] Embed Pods Frameworks";
			outputFileListPaths = (
				"${PODS_ROOT}/Target Support Files/Pods-gitHubUsersNProjects/Pods-gitHubUsersNProjects-frameworks-${CONFIGURATION}-output-files.xcfilelist",
			);
			runOnlyForDeploymentPostprocessing = 0;
			shellPath = /bin/sh;
			shellScript = "\"${PODS_ROOT}/Target Support Files/Pods-gitHubUsersNProjects/Pods-gitHubUsersNProjects-frameworks.sh\"\n";
			showEnvVarsInLog = 0;
		};
		B6B37241684C06726A507C71 /* [CP] Check Pods Manifest.lock */ = {
			isa = PBXShellScriptBuildPhase;
			buildActionMask = 2147483647;
			files = (
			);
			inputFileListPaths = (
			);
			inputPaths = (
				"${PODS_PODFILE_DIR_PATH}/Podfile.lock",
				"${PODS_ROOT}/Manifest.lock",
			);
			name = "[CP] Check Pods Manifest.lock";
			outputFileListPaths = (
			);
			outputPaths = (
				"$(DERIVED_FILE_DIR)/Pods-gitHubUsersNProjects-checkManifestLockResult.txt",
			);
			runOnlyForDeploymentPostprocessing = 0;
			shellPath = /bin/sh;
			shellScript = "diff \"${PODS_PODFILE_DIR_PATH}/Podfile.lock\" \"${PODS_ROOT}/Manifest.lock\" > /dev/null\nif [ $? != 0 ] ; then\n    # print error to STDERR\n    echo \"error: The sandbox is not in sync with the Podfile.lock. Run 'pod install' or update your CocoaPods installation.\" >&2\n    exit 1\nfi\n# This output is used by Xcode 'outputs' to avoid re-running this script phase.\necho \"SUCCESS\" > \"${SCRIPT_OUTPUT_FILE_0}\"\n";
			showEnvVarsInLog = 0;
		};
/* End PBXShellScriptBuildPhase section */

/* Begin PBXSourcesBuildPhase section */
		BC4B09B42434C2F00086C30D /* Sources */ = {
			isa = PBXSourcesBuildPhase;
			buildActionMask = 2147483647;
			files = (
				BCB3013F24356C5A009E8163 /* GitHubUser.swift in Sources */,
				BCB3014224358525009E8163 /* RepoTableViewCell.swift in Sources */,
				BCB301452435A43D009E8163 /* UserDetailsViewModel.swift in Sources */,
				BCB3013C24354D88009E8163 /* UserDetailsVC.swift in Sources */,
				BC4B09C02434C2F00086C30D /* UsersListVC.swift in Sources */,
				BCF0EA362435024900188227 /* UsersListViewModel.swift in Sources */,
				BC4B09D12434C7A00086C30D /* UserListTableViewCell.swift in Sources */,
				BC4B09BC2434C2F00086C30D /* AppDelegate.swift in Sources */,
				BC4B09BE2434C2F00086C30D /* SceneDelegate.swift in Sources */,
			);
			runOnlyForDeploymentPostprocessing = 0;
		};
/* End PBXSourcesBuildPhase section */

/* Begin PBXVariantGroup section */
		BC4B09C12434C2F00086C30D /* Main.storyboard */ = {
			isa = PBXVariantGroup;
			children = (
				BC4B09C22434C2F00086C30D /* Base */,
			);
			name = Main.storyboard;
			sourceTree = "<group>";
		};
		BC4B09C62434C2F20086C30D /* LaunchScreen.storyboard */ = {
			isa = PBXVariantGroup;
			children = (
				BC4B09C72434C2F20086C30D /* Base */,
			);
			name = LaunchScreen.storyboard;
			sourceTree = "<group>";
		};
/* End PBXVariantGroup section */

/* Begin XCBuildConfiguration section */
		BC4B09CA2434C2F20086C30D /* Debug */ = {
			isa = XCBuildConfiguration;
			buildSettings = {
				ALWAYS_SEARCH_USER_PATHS = NO;
				CLANG_ANALYZER_NONNULL = YES;
				CLANG_ANALYZER_NUMBER_OBJECT_CONVERSION = YES_AGGRESSIVE;
				CLANG_CXX_LANGUAGE_STANDARD = "gnu++14";
				CLANG_CXX_LIBRARY = "libc++";
				CLANG_ENABLE_MODULES = YES;
				CLANG_ENABLE_OBJC_ARC = YES;
				CLANG_ENABLE_OBJC_WEAK = YES;
				CLANG_WARN_BLOCK_CAPTURE_AUTORELEASING = YES;
				CLANG_WARN_BOOL_CONVERSION = YES;
				CLANG_WARN_COMMA = YES;
				CLANG_WARN_CONSTANT_CONVERSION = YES;
				CLANG_WARN_DEPRECATED_OBJC_IMPLEMENTATIONS = YES;
				CLANG_WARN_DIRECT_OBJC_ISA_USAGE = YES_ERROR;
				CLANG_WARN_DOCUMENTATION_COMMENTS = YES;
				CLANG_WARN_EMPTY_BODY = YES;
				CLANG_WARN_ENUM_CONVERSION = YES;
				CLANG_WARN_INFINITE_RECURSION = YES;
				CLANG_WARN_INT_CONVERSION = YES;
				CLANG_WARN_NON_LITERAL_NULL_CONVERSION = YES;
				CLANG_WARN_OBJC_IMPLICIT_RETAIN_SELF = YES;
				CLANG_WARN_OBJC_LITERAL_CONVERSION = YES;
				CLANG_WARN_OBJC_ROOT_CLASS = YES_ERROR;
				CLANG_WARN_RANGE_LOOP_ANALYSIS = YES;
				CLANG_WARN_STRICT_PROTOTYPES = YES;
				CLANG_WARN_SUSPICIOUS_MOVE = YES;
				CLANG_WARN_UNGUARDED_AVAILABILITY = YES_AGGRESSIVE;
				CLANG_WARN_UNREACHABLE_CODE = YES;
				CLANG_WARN__DUPLICATE_METHOD_MATCH = YES;
				COPY_PHASE_STRIP = NO;
				DEBUG_INFORMATION_FORMAT = dwarf;
				ENABLE_STRICT_OBJC_MSGSEND = YES;
				ENABLE_TESTABILITY = YES;
				GCC_C_LANGUAGE_STANDARD = gnu11;
				GCC_DYNAMIC_NO_PIC = NO;
				GCC_NO_COMMON_BLOCKS = YES;
				GCC_OPTIMIZATION_LEVEL = 0;
				GCC_PREPROCESSOR_DEFINITIONS = (
					"DEBUG=1",
					"$(inherited)",
				);
				GCC_WARN_64_TO_32_BIT_CONVERSION = YES;
				GCC_WARN_ABOUT_RETURN_TYPE = YES_ERROR;
				GCC_WARN_UNDECLARED_SELECTOR = YES;
				GCC_WARN_UNINITIALIZED_AUTOS = YES_AGGRESSIVE;
				GCC_WARN_UNUSED_FUNCTION = YES;
				GCC_WARN_UNUSED_VARIABLE = YES;
				IPHONEOS_DEPLOYMENT_TARGET = 13.2;
				MTL_ENABLE_DEBUG_INFO = INCLUDE_SOURCE;
				MTL_FAST_MATH = YES;
				ONLY_ACTIVE_ARCH = YES;
				SDKROOT = iphoneos;
				SWIFT_ACTIVE_COMPILATION_CONDITIONS = DEBUG;
				SWIFT_OPTIMIZATION_LEVEL = "-Onone";
			};
			name = Debug;
		};
		BC4B09CB2434C2F20086C30D /* Release */ = {
			isa = XCBuildConfiguration;
			buildSettings = {
				ALWAYS_SEARCH_USER_PATHS = NO;
				CLANG_ANALYZER_NONNULL = YES;
				CLANG_ANALYZER_NUMBER_OBJECT_CONVERSION = YES_AGGRESSIVE;
				CLANG_CXX_LANGUAGE_STANDARD = "gnu++14";
				CLANG_CXX_LIBRARY = "libc++";
				CLANG_ENABLE_MODULES = YES;
				CLANG_ENABLE_OBJC_ARC = YES;
				CLANG_ENABLE_OBJC_WEAK = YES;
				CLANG_WARN_BLOCK_CAPTURE_AUTORELEASING = YES;
				CLANG_WARN_BOOL_CONVERSION = YES;
				CLANG_WARN_COMMA = YES;
				CLANG_WARN_CONSTANT_CONVERSION = YES;
				CLANG_WARN_DEPRECATED_OBJC_IMPLEMENTATIONS = YES;
				CLANG_WARN_DIRECT_OBJC_ISA_USAGE = YES_ERROR;
				CLANG_WARN_DOCUMENTATION_COMMENTS = YES;
				CLANG_WARN_EMPTY_BODY = YES;
				CLANG_WARN_ENUM_CONVERSION = YES;
				CLANG_WARN_INFINITE_RECURSION = YES;
				CLANG_WARN_INT_CONVERSION = YES;
				CLANG_WARN_NON_LITERAL_NULL_CONVERSION = YES;
				CLANG_WARN_OBJC_IMPLICIT_RETAIN_SELF = YES;
				CLANG_WARN_OBJC_LITERAL_CONVERSION = YES;
				CLANG_WARN_OBJC_ROOT_CLASS = YES_ERROR;
				CLANG_WARN_RANGE_LOOP_ANALYSIS = YES;
				CLANG_WARN_STRICT_PROTOTYPES = YES;
				CLANG_WARN_SUSPICIOUS_MOVE = YES;
				CLANG_WARN_UNGUARDED_AVAILABILITY = YES_AGGRESSIVE;
				CLANG_WARN_UNREACHABLE_CODE = YES;
				CLANG_WARN__DUPLICATE_METHOD_MATCH = YES;
				COPY_PHASE_STRIP = NO;
				DEBUG_INFORMATION_FORMAT = "dwarf-with-dsym";
				ENABLE_NS_ASSERTIONS = NO;
				ENABLE_STRICT_OBJC_MSGSEND = YES;
				GCC_C_LANGUAGE_STANDARD = gnu11;
				GCC_NO_COMMON_BLOCKS = YES;
				GCC_WARN_64_TO_32_BIT_CONVERSION = YES;
				GCC_WARN_ABOUT_RETURN_TYPE = YES_ERROR;
				GCC_WARN_UNDECLARED_SELECTOR = YES;
				GCC_WARN_UNINITIALIZED_AUTOS = YES_AGGRESSIVE;
				GCC_WARN_UNUSED_FUNCTION = YES;
				GCC_WARN_UNUSED_VARIABLE = YES;
				IPHONEOS_DEPLOYMENT_TARGET = 13.2;
				MTL_ENABLE_DEBUG_INFO = NO;
				MTL_FAST_MATH = YES;
				SDKROOT = iphoneos;
				SWIFT_COMPILATION_MODE = wholemodule;
				SWIFT_OPTIMIZATION_LEVEL = "-O";
				VALIDATE_PRODUCT = YES;
			};
			name = Release;
		};
		BC4B09CD2434C2F20086C30D /* Debug */ = {
			isa = XCBuildConfiguration;
			baseConfigurationReference = 223719A813DA3076D9CC1B04 /* Pods-gitHubUsersNProjects.debug.xcconfig */;
			buildSettings = {
				ASSETCATALOG_COMPILER_APPICON_NAME = AppIcon;
				CODE_SIGN_STYLE = Automatic;
				DEVELOPMENT_TEAM = 39M589784M;
				INFOPLIST_FILE = gitHubUsersNProjects/Info.plist;
				LD_RUNPATH_SEARCH_PATHS = (
					"$(inherited)",
					"@executable_path/Frameworks",
				);
				PRODUCT_BUNDLE_IDENTIFIER = org.hipotech.gitHubUsersNProjects;
				PRODUCT_NAME = "$(TARGET_NAME)";
				SWIFT_VERSION = 5.0;
				TARGETED_DEVICE_FAMILY = "1,2";
			};
			name = Debug;
		};
		BC4B09CE2434C2F20086C30D /* Release */ = {
			isa = XCBuildConfiguration;
			baseConfigurationReference = 7507DA2B1225A633787CD54B /* Pods-gitHubUsersNProjects.release.xcconfig */;
			buildSettings = {
				ASSETCATALOG_COMPILER_APPICON_NAME = AppIcon;
				CODE_SIGN_STYLE = Automatic;
				DEVELOPMENT_TEAM = 39M589784M;
				INFOPLIST_FILE = gitHubUsersNProjects/Info.plist;
				LD_RUNPATH_SEARCH_PATHS = (
					"$(inherited)",
					"@executable_path/Frameworks",
				);
				PRODUCT_BUNDLE_IDENTIFIER = org.hipotech.gitHubUsersNProjects;
				PRODUCT_NAME = "$(TARGET_NAME)";
				SWIFT_VERSION = 5.0;
				TARGETED_DEVICE_FAMILY = "1,2";
			};
			name = Release;
		};
/* End XCBuildConfiguration section */

/* Begin XCConfigurationList section */
		BC4B09B32434C2F00086C30D /* Build configuration list for PBXProject "gitHubUsersNProjects" */ = {
			isa = XCConfigurationList;
			buildConfigurations = (
				BC4B09CA2434C2F20086C30D /* Debug */,
				BC4B09CB2434C2F20086C30D /* Release */,
			);
			defaultConfigurationIsVisible = 0;
			defaultConfigurationName = Release;
		};
		BC4B09CC2434C2F20086C30D /* Build configuration list for PBXNativeTarget "gitHubUsersNProjects" */ = {
			isa = XCConfigurationList;
			buildConfigurations = (
				BC4B09CD2434C2F20086C30D /* Debug */,
				BC4B09CE2434C2F20086C30D /* Release */,
			);
			defaultConfigurationIsVisible = 0;
			defaultConfigurationName = Release;
		};
/* End XCConfigurationList section */
	};
	rootObject = BC4B09B02434C2F00086C30D /* Project object */;
}
